
Microsoft Visual Studio Solution File, Format Version 12.00
# Visual Studio 14
VisualStudioVersion = 14.0.25420.1
MinimumVisualStudioVersion = 10.0.40219.1
Project("{FAE04EC0-301F-11D3-BF4B-00C04F79EFBC}") = "AnonViewandLikes", "AnonViewandLikes\AnonViewandLikes.csproj", "{4D696D3F-C05A-4184-86EF-EF9B4D9DEE38}"
EndProject
Project("{FAE04EC0-301F-11D3-BF4B-00C04F79EFBC}") = "PageHitCount", "PageHitCount\PageHitCount.csproj", "{9E23CC9D-E5A1-4AC3-AB17-81569B3EF991}"
EndProject
Project("{FAE04EC0-301F-11D3-BF4B-00C04F79EFBC}") = "RoutinePlan", "RoutinePlan\RoutinePlan.csproj", "{01E7FF92-89AC-46A5-B2D3-3601D40EB0CA}"
EndProject
Global
	GlobalSection(SolutionConfigurationPlatforms) = preSolution
		Debug|Any CPU = Debug|Any CPU
		Release|Any CPU = Release|Any CPU
	EndGlobalSection
	GlobalSection(ProjectConfigurationPlatforms) = postSolution
		{4D696D3F-C05A-4184-86EF-EF9B4D9DEE38}.Debug|Any CPU.ActiveCfg = Debug|Any CPU
		{4D696D3F-C05A-4184-86EF-EF9B4D9DEE38}.Debug|Any CPU.Build.0 = Debug|Any CPU
		{4D696D3F-C05A-4184-86EF-EF9B4D9DEE38}.Debug|Any CPU.Deploy.0 = Debug|Any CPU
		{4D696D3F-C05A-4184-86EF-EF9B4D9DEE38}.Release|Any CPU.ActiveCfg = Release|Any CPU
		{4D696D3F-C05A-4184-86EF-EF9B4D9DEE38}.Release|Any CPU.Build.0 = Release|Any CPU
		{4D696D3F-C05A-4184-86EF-EF9B4D9DEE38}.Release|Any CPU.Deploy.0 = Release|Any CPU
		{9E23CC9D-E5A1-4AC3-AB17-81569B3EF991}.Debug|Any CPU.ActiveCfg = Debug|Any CPU
		{9E23CC9D-E5A1-4AC3-AB17-81569B3EF991}.Debug|Any CPU.Build.0 = Debug|Any CPU
		{9E23CC9D-E5A1-4AC3-AB17-81569B3EF991}.Debug|Any CPU.Deploy.0 = Debug|Any CPU
		{9E23CC9D-E5A1-4AC3-AB17-81569B3EF991}.Release|Any CPU.ActiveCfg = Release|Any CPU
		{9E23CC9D-E5A1-4AC3-AB17-81569B3EF991}.Release|Any CPU.Build.0 = Release|Any CPU
		{9E23CC9D-E5A1-4AC3-AB17-81569B3EF991}.Release|Any CPU.Deploy.0 = Release|Any CPU
		{01E7FF92-89AC-46A5-B2D3-3601D40EB0CA}.Debug|Any CPU.ActiveCfg = Debug|Any CPU
		{01E7FF92-89AC-46A5-B2D3-3601D40EB0CA}.Debug|Any CPU.Build.0 = Debug|Any CPU
		{01E7FF92-89AC-46A5-B2D3-3601D40EB0CA}.Debug|Any CPU.Deploy.0 = Debug|Any CPU
		{01E7FF92-89AC-46A5-B2D3-3601D40EB0CA}.Release|Any CPU.ActiveCfg = Release|Any CPU
		{01E7FF92-89AC-46A5-B2D3-3601D40EB0CA}.Release|Any CPU.Build.0 = Release|Any CPU
		{01E7FF92-89AC-46A5-B2D3-3601D40EB0CA}.Release|Any CPU.Deploy.0 = Release|Any CPU
	EndGlobalSection
	GlobalSection(SolutionProperties) = preSolution
		HideSolutionNode = FALSE
	EndGlobalSection
EndGlobal
